{
  "name": "chain-1-rocketpool-basic",
  "lockfileVersion": 3,
  "requires": true,
  "packages": {
    "": {
      "dependencies": {
        "@graphprotocol/graph-ts": "^0.38.0"
      }
    },
    "node_modules/@graphprotocol/graph-ts": {
      "version": "0.38.0",
      "resolved": "https://registry.npmjs.org/@graphprotocol/graph-ts/-/graph-ts-0.38.0.tgz",
      "integrity": "sha512-fx9IpqbXHWMskl6wLDstKLy0VeszTQg6K5xsUEHXPkpOtceDkWAiDE8FyqsGF0IVTmE2Pxafw4t6+rEG8lVfyw==",
      "dependencies": {
        "assemblyscript": "0.27.31"
      }
    },
    "node_modules/assemblyscript": {
      "version": "0.27.31",
      "resolved": "https://registry.npmjs.org/assemblyscript/-/assemblyscript-0.27.31.tgz",
      "integrity": "sha512-Ra8kiGhgJQGZcBxjtMcyVRxOEJZX64kd+XGpjWzjcjgxWJVv+CAQO0aDBk4GQVhjYbOkATarC83mHjAVGtwPBQ==",
      "license": "Apache-2.0",
      "dependencies": {
        "binaryen": "116.0.0-nightly.20240114",
        "long": "^5.2.1"
      },
      "bin": {
        "asc": "bin/asc.js",
        "asinit": "bin/asinit.js"
      },
      "engines": {
        "node": ">=16",
        "npm": ">=7"
      },
      "funding": {
        "type": "opencollective",
        "url": "https://opencollective.com/assemblyscript"
      }
    },
    "node_modules/binaryen": {
      "version": "116.0.0-nightly.20240114",
      "resolved": "https://registry.npmjs.org/binaryen/-/binaryen-116.0.0-nightly.20240114.tgz",
      "integrity": "sha512-0GZrojJnuhoe+hiwji7QFaL3tBlJoA+KFUN7ouYSDGZLSo9CKM8swQX8n/UcbR0d1VuZKU+nhogNzv423JEu5A==",
      "license": "Apache-2.0",
      "bin": {
        "wasm-opt": "bin/wasm-opt",
        "wasm2js": "bin/wasm2js"
      }
    },
    "node_modules/long": {
      "version": "5.3.1",
      "resolved": "https://registry.npmjs.org/long/-/long-5.3.1.tgz",
      "integrity": "sha512-ka87Jz3gcx/I7Hal94xaN2tZEOPoUOEVftkQqZx2EeQRN7LGdfLlI3FvZ+7WDplm+vK2Urx9ULrvSowtdCieng==",
      "license": "Apache-2.0"
    }
  }
}
